
Microsoft Visual Studio Solution File, Format Version 12.00
# Visual Studio Version 16
VisualStudioVersion = 16.0.32106.194
MinimumVisualStudioVersion = 10.0.40219.1
Project("{8BC9CEB8-8B4A-11D0-8D11-00A0C91BC942}") = "20220312주말특강C", "20220312주말특강C.vcxproj", "{FD5EFF46-B3BE-4A2C-8EAA-00491FE7B8C8}"
EndProject
Project("{8BC9CEB8-8B4A-11D0-8D11-00A0C91BC942}") = "20220312_1523", "..\20220312_1523\20220312_1523.vcxproj", "{40F1E625-813F-48FE-AF43-ECE531EEB93A}"
EndProject
Project("{8BC9CEB8-8B4A-11D0-8D11-00A0C91BC942}") = "20220312_1541", "..\20220312_1541\20220312_1541.vcxproj", "{E587A537-B7A4-4363-8467-2825BEBAB981}"
EndProject
Project("{8BC9CEB8-8B4A-11D0-8D11-00A0C91BC942}") = "20220312_1600", "..\20220312_1600\20220312_1600.vcxproj", "{37139D9C-5CF3-4319-8078-C8457C8D0E19}"
EndProject
Project("{8BC9CEB8-8B4A-11D0-8D11-00A0C91BC942}") = "20220312_1610", "..\20220312_1610\20220312_1610.vcxproj", "{40F43480-DC44-48C6-8BBE-6F00C3682E94}"
EndProject
Project("{8BC9CEB8-8B4A-11D0-8D11-00A0C91BC942}") = "20220312_1623", "..\20220312_1623\20220312_1623.vcxproj", "{F2E8C8E4-E85C-42DB-B0F6-53486CD54DBE}"
EndProject
Project("{8BC9CEB8-8B4A-11D0-8D11-00A0C91BC942}") = "20220312_1636", "..\20220312_1636\20220312_1636.vcxproj", "{F7217A2F-01DD-4B26-B81D-CC9315D3DB58}"
EndProject
Project("{8BC9CEB8-8B4A-11D0-8D11-00A0C91BC942}") = "20220312_1659", "..\20220312_1659\20220312_1659.vcxproj", "{E0CD920F-9958-43F7-A624-DC0391E5FE36}"
EndProject
Project("{8BC9CEB8-8B4A-11D0-8D11-00A0C91BC942}") = "20220312_1709", "..\20220312_1709\20220312_1709.vcxproj", "{65AB76F0-1661-4CD6-AF93-04C002C39C5C}"
EndProject
Project("{8BC9CEB8-8B4A-11D0-8D11-00A0C91BC942}") = "20220312_1721", "..\20220312_1721\20220312_1721.vcxproj", "{6E582C56-5851-482F-BBE3-8BB06C2E23C0}"
EndProject
Project("{8BC9CEB8-8B4A-11D0-8D11-00A0C91BC942}") = "20220312과제", "..\20220312과제\20220312과제.vcxproj", "{A39A8E2D-8E0E-47AD-912C-95AC1EA43B32}"
EndProject
Global
	GlobalSection(SolutionConfigurationPlatforms) = preSolution
		Debug|x64 = Debug|x64
		Debug|x86 = Debug|x86
		Release|x64 = Release|x64
		Release|x86 = Release|x86
	EndGlobalSection
	GlobalSection(ProjectConfigurationPlatforms) = postSolution
		{FD5EFF46-B3BE-4A2C-8EAA-00491FE7B8C8}.Debug|x64.ActiveCfg = Debug|x64
		{FD5EFF46-B3BE-4A2C-8EAA-00491FE7B8C8}.Debug|x64.Build.0 = Debug|x64
		{FD5EFF46-B3BE-4A2C-8EAA-00491FE7B8C8}.Debug|x86.ActiveCfg = Debug|Win32
		{FD5EFF46-B3BE-4A2C-8EAA-00491FE7B8C8}.Debug|x86.Build.0 = Debug|Win32
		{FD5EFF46-B3BE-4A2C-8EAA-00491FE7B8C8}.Release|x64.ActiveCfg = Release|x64
		{FD5EFF46-B3BE-4A2C-8EAA-00491FE7B8C8}.Release|x64.Build.0 = Release|x64
		{FD5EFF46-B3BE-4A2C-8EAA-00491FE7B8C8}.Release|x86.ActiveCfg = Release|Win32
		{FD5EFF46-B3BE-4A2C-8EAA-00491FE7B8C8}.Release|x86.Build.0 = Release|Win32
		{40F1E625-813F-48FE-AF43-ECE531EEB93A}.Debug|x64.ActiveCfg = Debug|x64
		{40F1E625-813F-48FE-AF43-ECE531EEB93A}.Debug|x64.Build.0 = Debug|x64
		{40F1E625-813F-48FE-AF43-ECE531EEB93A}.Debug|x86.ActiveCfg = Debug|Win32
		{40F1E625-813F-48FE-AF43-ECE531EEB93A}.Debug|x86.Build.0 = Debug|Win32
		{40F1E625-813F-48FE-AF43-ECE531EEB93A}.Release|x64.ActiveCfg = Release|x64
		{40F1E625-813F-48FE-AF43-ECE531EEB93A}.Release|x64.Build.0 = Release|x64
		{40F1E625-813F-48FE-AF43-ECE531EEB93A}.Release|x86.ActiveCfg = Release|Win32
		{40F1E625-813F-48FE-AF43-ECE531EEB93A}.Release|x86.Build.0 = Release|Win32
		{E587A537-B7A4-4363-8467-2825BEBAB981}.Debug|x64.ActiveCfg = Debug|x64
		{E587A537-B7A4-4363-8467-2825BEBAB981}.Debug|x64.Build.0 = Debug|x64
		{E587A537-B7A4-4363-8467-2825BEBAB981}.Debug|x86.ActiveCfg = Debug|Win32
		{E587A537-B7A4-4363-8467-2825BEBAB981}.Debug|x86.Build.0 = Debug|Win32
		{E587A537-B7A4-4363-8467-2825BEBAB981}.Release|x64.ActiveCfg = Release|x64
		{E587A537-B7A4-4363-8467-2825BEBAB981}.Release|x64.Build.0 = Release|x64
		{E587A537-B7A4-4363-8467-2825BEBAB981}.Release|x86.ActiveCfg = Release|Win32
		{E587A537-B7A4-4363-8467-2825BEBAB981}.Release|x86.Build.0 = Release|Win32
		{37139D9C-5CF3-4319-8078-C8457C8D0E19}.Debug|x64.ActiveCfg = Debug|x64
		{37139D9C-5CF3-4319-8078-C8457C8D0E19}.Debug|x64.Build.0 = Debug|x64
		{37139D9C-5CF3-4319-8078-C8457C8D0E19}.Debug|x86.ActiveCfg = Debug|Win32
		{37139D9C-5CF3-4319-8078-C8457C8D0E19}.Debug|x86.Build.0 = Debug|Win32
		{37139D9C-5CF3-4319-8078-C8457C8D0E19}.Release|x64.ActiveCfg = Release|x64
		{37139D9C-5CF3-4319-8078-C8457C8D0E19}.Release|x64.Build.0 = Release|x64
		{37139D9C-5CF3-4319-8078-C8457C8D0E19}.Release|x86.ActiveCfg = Release|Win32
		{37139D9C-5CF3-4319-8078-C8457C8D0E19}.Release|x86.Build.0 = Release|Win32
		{40F43480-DC44-48C6-8BBE-6F00C3682E94}.Debug|x64.ActiveCfg = Debug|x64
		{40F43480-DC44-48C6-8BBE-6F00C3682E94}.Debug|x64.Build.0 = Debug|x64
		{40F43480-DC44-48C6-8BBE-6F00C3682E94}.Debug|x86.ActiveCfg = Debug|Win32
		{40F43480-DC44-48C6-8BBE-6F00C3682E94}.Debug|x86.Build.0 = Debug|Win32
		{40F43480-DC44-48C6-8BBE-6F00C3682E94}.Release|x64.ActiveCfg = Release|x64
		{40F43480-DC44-48C6-8BBE-6F00C3682E94}.Release|x64.Build.0 = Release|x64
		{40F43480-DC44-48C6-8BBE-6F00C3682E94}.Release|x86.ActiveCfg = Release|Win32
		{40F43480-DC44-48C6-8BBE-6F00C3682E94}.Release|x86.Build.0 = Release|Win32
		{F2E8C8E4-E85C-42DB-B0F6-53486CD54DBE}.Debug|x64.ActiveCfg = Debug|x64
		{F2E8C8E4-E85C-42DB-B0F6-53486CD54DBE}.Debug|x64.Build.0 = Debug|x64
		{F2E8C8E4-E85C-42DB-B0F6-53486CD54DBE}.Debug|x86.ActiveCfg = Debug|Win32
		{F2E8C8E4-E85C-42DB-B0F6-53486CD54DBE}.Debug|x86.Build.0 = Debug|Win32
		{F2E8C8E4-E85C-42DB-B0F6-53486CD54DBE}.Release|x64.ActiveCfg = Release|x64
		{F2E8C8E4-E85C-42DB-B0F6-53486CD54DBE}.Release|x64.Build.0 = Release|x64
		{F2E8C8E4-E85C-42DB-B0F6-53486CD54DBE}.Release|x86.ActiveCfg = Release|Win32
		{F2E8C8E4-E85C-42DB-B0F6-53486CD54DBE}.Release|x86.Build.0 = Release|Win32
		{F7217A2F-01DD-4B26-B81D-CC9315D3DB58}.Debug|x64.ActiveCfg = Debug|x64
		{F7217A2F-01DD-4B26-B81D-CC9315D3DB58}.Debug|x64.Build.0 = Debug|x64
		{F7217A2F-01DD-4B26-B81D-CC9315D3DB58}.Debug|x86.ActiveCfg = Debug|Win32
		{F7217A2F-01DD-4B26-B81D-CC9315D3DB58}.Debug|x86.Build.0 = Debug|Win32
		{F7217A2F-01DD-4B26-B81D-CC9315D3DB58}.Release|x64.ActiveCfg = Release|x64
		{F7217A2F-01DD-4B26-B81D-CC9315D3DB58}.Release|x64.Build.0 = Release|x64
		{F7217A2F-01DD-4B26-B81D-CC9315D3DB58}.Release|x86.ActiveCfg = Release|Win32
		{F7217A2F-01DD-4B26-B81D-CC9315D3DB58}.Release|x86.Build.0 = Release|Win32
		{E0CD920F-9958-43F7-A624-DC0391E5FE36}.Debug|x64.ActiveCfg = Debug|x64
		{E0CD920F-9958-43F7-A624-DC0391E5FE36}.Debug|x64.Build.0 = Debug|x64
		{E0CD920F-9958-43F7-A624-DC0391E5FE36}.Debug|x86.ActiveCfg = Debug|Win32
		{E0CD920F-9958-43F7-A624-DC0391E5FE36}.Debug|x86.Build.0 = Debug|Win32
		{E0CD920F-9958-43F7-A624-DC0391E5FE36}.Release|x64.ActiveCfg = Release|x64
		{E0CD920F-9958-43F7-A624-DC0391E5FE36}.Release|x64.Build.0 = Release|x64
		{E0CD920F-9958-43F7-A624-DC0391E5FE36}.Release|x86.ActiveCfg = Release|Win32
		{E0CD920F-9958-43F7-A624-DC0391E5FE36}.Release|x86.Build.0 = Release|Win32
		{65AB76F0-1661-4CD6-AF93-04C002C39C5C}.Debug|x64.ActiveCfg = Debug|x64
		{65AB76F0-1661-4CD6-AF93-04C002C39C5C}.Debug|x64.Build.0 = Debug|x64
		{65AB76F0-1661-4CD6-AF93-04C002C39C5C}.Debug|x86.ActiveCfg = Debug|Win32
		{65AB76F0-1661-4CD6-AF93-04C002C39C5C}.Debug|x86.Build.0 = Debug|Win32
		{65AB76F0-1661-4CD6-AF93-04C002C39C5C}.Release|x64.ActiveCfg = Release|x64
		{65AB76F0-1661-4CD6-AF93-04C002C39C5C}.Release|x64.Build.0 = Release|x64
		{65AB76F0-1661-4CD6-AF93-04C002C39C5C}.Release|x86.ActiveCfg = Release|Win32
		{65AB76F0-1661-4CD6-AF93-04C002C39C5C}.Release|x86.Build.0 = Release|Win32
		{6E582C56-5851-482F-BBE3-8BB06C2E23C0}.Debug|x64.ActiveCfg = Debug|x64
		{6E582C56-5851-482F-BBE3-8BB06C2E23C0}.Debug|x64.Build.0 = Debug|x64
		{6E582C56-5851-482F-BBE3-8BB06C2E23C0}.Debug|x86.ActiveCfg = Debug|Win32
		{6E582C56-5851-482F-BBE3-8BB06C2E23C0}.Debug|x86.Build.0 = Debug|Win32
		{6E582C56-5851-482F-BBE3-8BB06C2E23C0}.Release|x64.ActiveCfg = Release|x64
		{6E582C56-5851-482F-BBE3-8BB06C2E23C0}.Release|x64.Build.0 = Release|x64
		{6E582C56-5851-482F-BBE3-8BB06C2E23C0}.Release|x86.ActiveCfg = Release|Win32
		{6E582C56-5851-482F-BBE3-8BB06C2E23C0}.Release|x86.Build.0 = Release|Win32
		{A39A8E2D-8E0E-47AD-912C-95AC1EA43B32}.Debug|x64.ActiveCfg = Debug|x64
		{A39A8E2D-8E0E-47AD-912C-95AC1EA43B32}.Debug|x64.Build.0 = Debug|x64
		{A39A8E2D-8E0E-47AD-912C-95AC1EA43B32}.Debug|x86.ActiveCfg = Debug|Win32
		{A39A8E2D-8E0E-47AD-912C-95AC1EA43B32}.Debug|x86.Build.0 = Debug|Win32
		{A39A8E2D-8E0E-47AD-912C-95AC1EA43B32}.Release|x64.ActiveCfg = Release|x64
		{A39A8E2D-8E0E-47AD-912C-95AC1EA43B32}.Release|x64.Build.0 = Release|x64
		{A39A8E2D-8E0E-47AD-912C-95AC1EA43B32}.Release|x86.ActiveCfg = Release|Win32
		{A39A8E2D-8E0E-47AD-912C-95AC1EA43B32}.Release|x86.Build.0 = Release|Win32
	EndGlobalSection
	GlobalSection(SolutionProperties) = preSolution
		HideSolutionNode = FALSE
	EndGlobalSection
	GlobalSection(ExtensibilityGlobals) = postSolution
		SolutionGuid = {8228163A-5B82-4BCD-8F27-479C65C3F4C6}
	EndGlobalSection
EndGlobal
