
Microsoft Visual Studio Solution File, Format Version 12.00
# Visual Studio Version 16
VisualStudioVersion = 16.0.32228.343
MinimumVisualStudioVersion = 10.0.40219.1
Project("{8BC9CEB8-8B4A-11D0-8D11-00A0C91BC942}") = "20220326_C주말특강", "20220326_C주말특강.vcxproj", "{91AE17F3-85E7-4401-8436-D496D3934514}"
EndProject
Project("{8BC9CEB8-8B4A-11D0-8D11-00A0C91BC942}") = "20220326_1430", "..\20220326_1430\20220326_1430.vcxproj", "{B4312CF4-5EAA-4F7C-89C3-D4F90326CF47}"
EndProject
Project("{8BC9CEB8-8B4A-11D0-8D11-00A0C91BC942}") = "20220326_1503", "..\20220326_1503\20220326_1503.vcxproj", "{06521F17-F56B-4E70-A637-5270B6D5D967}"
EndProject
Project("{8BC9CEB8-8B4A-11D0-8D11-00A0C91BC942}") = "20220326_1530", "..\20220326_1530\20220326_1530.vcxproj", "{03B432FE-387C-4301-8811-A4BF4F54045D}"
EndProject
Project("{8BC9CEB8-8B4A-11D0-8D11-00A0C91BC942}") = "20220326_1608", "..\20220326_1608\20220326_1608.vcxproj", "{E85A6928-88B6-4D64-B0B0-75ECFCA39873}"
EndProject
Project("{8BC9CEB8-8B4A-11D0-8D11-00A0C91BC942}") = "20220326_1652", "..\20220326_1652\20220326_1652.vcxproj", "{697982D9-5F82-483F-BC84-54978BDF63DE}"
EndProject
Project("{8BC9CEB8-8B4A-11D0-8D11-00A0C91BC942}") = "20220326_1706", "..\20220326_1706\20220326_1706.vcxproj", "{CDF391CA-7B09-41E7-A1C4-A36AA596E129}"
EndProject
Project("{8BC9CEB8-8B4A-11D0-8D11-00A0C91BC942}") = "20220326_1715", "..\20220326_1715\20220326_1715.vcxproj", "{C61BA1FC-D1CF-44CC-BCDC-2F81FB461424}"
EndProject
Project("{8BC9CEB8-8B4A-11D0-8D11-00A0C91BC942}") = "20220326_1732", "..\20220326_1732\20220326_1732.vcxproj", "{6E5EDDEE-B783-4F45-9F1B-5FE4706EA54F}"
EndProject
Project("{8BC9CEB8-8B4A-11D0-8D11-00A0C91BC942}") = "20220326_1751", "..\20220326_1751\20220326_1751.vcxproj", "{F7338F15-F3E9-4F6B-8652-06A928E88C75}"
EndProject
Global
	GlobalSection(SolutionConfigurationPlatforms) = preSolution
		Debug|x64 = Debug|x64
		Debug|x86 = Debug|x86
		Release|x64 = Release|x64
		Release|x86 = Release|x86
	EndGlobalSection
	GlobalSection(ProjectConfigurationPlatforms) = postSolution
		{91AE17F3-85E7-4401-8436-D496D3934514}.Debug|x64.ActiveCfg = Debug|x64
		{91AE17F3-85E7-4401-8436-D496D3934514}.Debug|x64.Build.0 = Debug|x64
		{91AE17F3-85E7-4401-8436-D496D3934514}.Debug|x86.ActiveCfg = Debug|Win32
		{91AE17F3-85E7-4401-8436-D496D3934514}.Debug|x86.Build.0 = Debug|Win32
		{91AE17F3-85E7-4401-8436-D496D3934514}.Release|x64.ActiveCfg = Release|x64
		{91AE17F3-85E7-4401-8436-D496D3934514}.Release|x64.Build.0 = Release|x64
		{91AE17F3-85E7-4401-8436-D496D3934514}.Release|x86.ActiveCfg = Release|Win32
		{91AE17F3-85E7-4401-8436-D496D3934514}.Release|x86.Build.0 = Release|Win32
		{B4312CF4-5EAA-4F7C-89C3-D4F90326CF47}.Debug|x64.ActiveCfg = Debug|x64
		{B4312CF4-5EAA-4F7C-89C3-D4F90326CF47}.Debug|x64.Build.0 = Debug|x64
		{B4312CF4-5EAA-4F7C-89C3-D4F90326CF47}.Debug|x86.ActiveCfg = Debug|Win32
		{B4312CF4-5EAA-4F7C-89C3-D4F90326CF47}.Debug|x86.Build.0 = Debug|Win32
		{B4312CF4-5EAA-4F7C-89C3-D4F90326CF47}.Release|x64.ActiveCfg = Release|x64
		{B4312CF4-5EAA-4F7C-89C3-D4F90326CF47}.Release|x64.Build.0 = Release|x64
		{B4312CF4-5EAA-4F7C-89C3-D4F90326CF47}.Release|x86.ActiveCfg = Release|Win32
		{B4312CF4-5EAA-4F7C-89C3-D4F90326CF47}.Release|x86.Build.0 = Release|Win32
		{06521F17-F56B-4E70-A637-5270B6D5D967}.Debug|x64.ActiveCfg = Debug|x64
		{06521F17-F56B-4E70-A637-5270B6D5D967}.Debug|x64.Build.0 = Debug|x64
		{06521F17-F56B-4E70-A637-5270B6D5D967}.Debug|x86.ActiveCfg = Debug|Win32
		{06521F17-F56B-4E70-A637-5270B6D5D967}.Debug|x86.Build.0 = Debug|Win32
		{06521F17-F56B-4E70-A637-5270B6D5D967}.Release|x64.ActiveCfg = Release|x64
		{06521F17-F56B-4E70-A637-5270B6D5D967}.Release|x64.Build.0 = Release|x64
		{06521F17-F56B-4E70-A637-5270B6D5D967}.Release|x86.ActiveCfg = Release|Win32
		{06521F17-F56B-4E70-A637-5270B6D5D967}.Release|x86.Build.0 = Release|Win32
		{03B432FE-387C-4301-8811-A4BF4F54045D}.Debug|x64.ActiveCfg = Debug|x64
		{03B432FE-387C-4301-8811-A4BF4F54045D}.Debug|x64.Build.0 = Debug|x64
		{03B432FE-387C-4301-8811-A4BF4F54045D}.Debug|x86.ActiveCfg = Debug|Win32
		{03B432FE-387C-4301-8811-A4BF4F54045D}.Debug|x86.Build.0 = Debug|Win32
		{03B432FE-387C-4301-8811-A4BF4F54045D}.Release|x64.ActiveCfg = Release|x64
		{03B432FE-387C-4301-8811-A4BF4F54045D}.Release|x64.Build.0 = Release|x64
		{03B432FE-387C-4301-8811-A4BF4F54045D}.Release|x86.ActiveCfg = Release|Win32
		{03B432FE-387C-4301-8811-A4BF4F54045D}.Release|x86.Build.0 = Release|Win32
		{E85A6928-88B6-4D64-B0B0-75ECFCA39873}.Debug|x64.ActiveCfg = Debug|x64
		{E85A6928-88B6-4D64-B0B0-75ECFCA39873}.Debug|x64.Build.0 = Debug|x64
		{E85A6928-88B6-4D64-B0B0-75ECFCA39873}.Debug|x86.ActiveCfg = Debug|Win32
		{E85A6928-88B6-4D64-B0B0-75ECFCA39873}.Debug|x86.Build.0 = Debug|Win32
		{E85A6928-88B6-4D64-B0B0-75ECFCA39873}.Release|x64.ActiveCfg = Release|x64
		{E85A6928-88B6-4D64-B0B0-75ECFCA39873}.Release|x64.Build.0 = Release|x64
		{E85A6928-88B6-4D64-B0B0-75ECFCA39873}.Release|x86.ActiveCfg = Release|Win32
		{E85A6928-88B6-4D64-B0B0-75ECFCA39873}.Release|x86.Build.0 = Release|Win32
		{697982D9-5F82-483F-BC84-54978BDF63DE}.Debug|x64.ActiveCfg = Debug|x64
		{697982D9-5F82-483F-BC84-54978BDF63DE}.Debug|x64.Build.0 = Debug|x64
		{697982D9-5F82-483F-BC84-54978BDF63DE}.Debug|x86.ActiveCfg = Debug|Win32
		{697982D9-5F82-483F-BC84-54978BDF63DE}.Debug|x86.Build.0 = Debug|Win32
		{697982D9-5F82-483F-BC84-54978BDF63DE}.Release|x64.ActiveCfg = Release|x64
		{697982D9-5F82-483F-BC84-54978BDF63DE}.Release|x64.Build.0 = Release|x64
		{697982D9-5F82-483F-BC84-54978BDF63DE}.Release|x86.ActiveCfg = Release|Win32
		{697982D9-5F82-483F-BC84-54978BDF63DE}.Release|x86.Build.0 = Release|Win32
		{CDF391CA-7B09-41E7-A1C4-A36AA596E129}.Debug|x64.ActiveCfg = Debug|x64
		{CDF391CA-7B09-41E7-A1C4-A36AA596E129}.Debug|x64.Build.0 = Debug|x64
		{CDF391CA-7B09-41E7-A1C4-A36AA596E129}.Debug|x86.ActiveCfg = Debug|Win32
		{CDF391CA-7B09-41E7-A1C4-A36AA596E129}.Debug|x86.Build.0 = Debug|Win32
		{CDF391CA-7B09-41E7-A1C4-A36AA596E129}.Release|x64.ActiveCfg = Release|x64
		{CDF391CA-7B09-41E7-A1C4-A36AA596E129}.Release|x64.Build.0 = Release|x64
		{CDF391CA-7B09-41E7-A1C4-A36AA596E129}.Release|x86.ActiveCfg = Release|Win32
		{CDF391CA-7B09-41E7-A1C4-A36AA596E129}.Release|x86.Build.0 = Release|Win32
		{C61BA1FC-D1CF-44CC-BCDC-2F81FB461424}.Debug|x64.ActiveCfg = Debug|x64
		{C61BA1FC-D1CF-44CC-BCDC-2F81FB461424}.Debug|x64.Build.0 = Debug|x64
		{C61BA1FC-D1CF-44CC-BCDC-2F81FB461424}.Debug|x86.ActiveCfg = Debug|Win32
		{C61BA1FC-D1CF-44CC-BCDC-2F81FB461424}.Debug|x86.Build.0 = Debug|Win32
		{C61BA1FC-D1CF-44CC-BCDC-2F81FB461424}.Release|x64.ActiveCfg = Release|x64
		{C61BA1FC-D1CF-44CC-BCDC-2F81FB461424}.Release|x64.Build.0 = Release|x64
		{C61BA1FC-D1CF-44CC-BCDC-2F81FB461424}.Release|x86.ActiveCfg = Release|Win32
		{C61BA1FC-D1CF-44CC-BCDC-2F81FB461424}.Release|x86.Build.0 = Release|Win32
		{6E5EDDEE-B783-4F45-9F1B-5FE4706EA54F}.Debug|x64.ActiveCfg = Debug|x64
		{6E5EDDEE-B783-4F45-9F1B-5FE4706EA54F}.Debug|x64.Build.0 = Debug|x64
		{6E5EDDEE-B783-4F45-9F1B-5FE4706EA54F}.Debug|x86.ActiveCfg = Debug|Win32
		{6E5EDDEE-B783-4F45-9F1B-5FE4706EA54F}.Debug|x86.Build.0 = Debug|Win32
		{6E5EDDEE-B783-4F45-9F1B-5FE4706EA54F}.Release|x64.ActiveCfg = Release|x64
		{6E5EDDEE-B783-4F45-9F1B-5FE4706EA54F}.Release|x64.Build.0 = Release|x64
		{6E5EDDEE-B783-4F45-9F1B-5FE4706EA54F}.Release|x86.ActiveCfg = Release|Win32
		{6E5EDDEE-B783-4F45-9F1B-5FE4706EA54F}.Release|x86.Build.0 = Release|Win32
		{F7338F15-F3E9-4F6B-8652-06A928E88C75}.Debug|x64.ActiveCfg = Debug|x64
		{F7338F15-F3E9-4F6B-8652-06A928E88C75}.Debug|x64.Build.0 = Debug|x64
		{F7338F15-F3E9-4F6B-8652-06A928E88C75}.Debug|x86.ActiveCfg = Debug|Win32
		{F7338F15-F3E9-4F6B-8652-06A928E88C75}.Debug|x86.Build.0 = Debug|Win32
		{F7338F15-F3E9-4F6B-8652-06A928E88C75}.Release|x64.ActiveCfg = Release|x64
		{F7338F15-F3E9-4F6B-8652-06A928E88C75}.Release|x64.Build.0 = Release|x64
		{F7338F15-F3E9-4F6B-8652-06A928E88C75}.Release|x86.ActiveCfg = Release|Win32
		{F7338F15-F3E9-4F6B-8652-06A928E88C75}.Release|x86.Build.0 = Release|Win32
	EndGlobalSection
	GlobalSection(SolutionProperties) = preSolution
		HideSolutionNode = FALSE
	EndGlobalSection
	GlobalSection(ExtensibilityGlobals) = postSolution
		SolutionGuid = {DB08A5AC-C59F-4874-92B2-209795C89B50}
	EndGlobalSection
EndGlobal
