
Microsoft Visual Studio Solution File, Format Version 12.00
# Visual Studio Version 16
VisualStudioVersion = 16.0.32106.194
MinimumVisualStudioVersion = 10.0.40219.1
Project("{8BC9CEB8-8B4A-11D0-8D11-00A0C91BC942}") = "20220305주말특강", "20220305주말특강.vcxproj", "{1041EA26-F3BE-434A-9685-115F27E6C30F}"
EndProject
Project("{8BC9CEB8-8B4A-11D0-8D11-00A0C91BC942}") = "20220305_1603", "..\20220305_1603\20220305_1603.vcxproj", "{A472F16D-E27A-4D18-AA42-96492DEFF4AB}"
EndProject
Project("{8BC9CEB8-8B4A-11D0-8D11-00A0C91BC942}") = "20220305_1622", "..\20220305_1622\20220305_1622.vcxproj", "{ED432B71-3864-4FF7-9BF2-58E0E7D5CA5F}"
EndProject
Project("{8BC9CEB8-8B4A-11D0-8D11-00A0C91BC942}") = "20220305_1644", "..\20220305_1644\20220305_1644.vcxproj", "{6E73B2CF-17A4-4D03-A30B-60A2A1299162}"
EndProject
Project("{8BC9CEB8-8B4A-11D0-8D11-00A0C91BC942}") = "20220305_1658", "..\20220305_1658\20220305_1658.vcxproj", "{F9B4AD97-A9E3-4295-924F-7254D2AFD3D7}"
EndProject
Project("{8BC9CEB8-8B4A-11D0-8D11-00A0C91BC942}") = "20220305_1716", "..\20220305_1716\20220305_1716.vcxproj", "{D702C29E-528E-471E-95C1-5C2CD3FDBB5E}"
EndProject
Project("{8BC9CEB8-8B4A-11D0-8D11-00A0C91BC942}") = "20220305_1733", "..\20220305_1733\20220305_1733.vcxproj", "{D6580D34-A5E7-4C16-83B3-F7CCAE2822D8}"
EndProject
Project("{8BC9CEB8-8B4A-11D0-8D11-00A0C91BC942}") = "20220305_1746", "..\20220305_1746\20220305_1746.vcxproj", "{61A7A1F2-DA77-481B-B3AD-01A80DD149E1}"
EndProject
Project("{8BC9CEB8-8B4A-11D0-8D11-00A0C91BC942}") = "20220305_1751", "..\20220305_1751\20220305_1751.vcxproj", "{907FE36E-CD6A-4E42-8032-8274F492F45A}"
EndProject
Project("{8BC9CEB8-8B4A-11D0-8D11-00A0C91BC942}") = "20220305_Homework", "..\20220305_Homework\20220305_Homework.vcxproj", "{F9149D7E-8ADE-4292-ACE1-DFEB6BC0AD3F}"
EndProject
Global
	GlobalSection(SolutionConfigurationPlatforms) = preSolution
		Debug|x64 = Debug|x64
		Debug|x86 = Debug|x86
		Release|x64 = Release|x64
		Release|x86 = Release|x86
	EndGlobalSection
	GlobalSection(ProjectConfigurationPlatforms) = postSolution
		{1041EA26-F3BE-434A-9685-115F27E6C30F}.Debug|x64.ActiveCfg = Debug|x64
		{1041EA26-F3BE-434A-9685-115F27E6C30F}.Debug|x64.Build.0 = Debug|x64
		{1041EA26-F3BE-434A-9685-115F27E6C30F}.Debug|x86.ActiveCfg = Debug|Win32
		{1041EA26-F3BE-434A-9685-115F27E6C30F}.Debug|x86.Build.0 = Debug|Win32
		{1041EA26-F3BE-434A-9685-115F27E6C30F}.Release|x64.ActiveCfg = Release|x64
		{1041EA26-F3BE-434A-9685-115F27E6C30F}.Release|x64.Build.0 = Release|x64
		{1041EA26-F3BE-434A-9685-115F27E6C30F}.Release|x86.ActiveCfg = Release|Win32
		{1041EA26-F3BE-434A-9685-115F27E6C30F}.Release|x86.Build.0 = Release|Win32
		{A472F16D-E27A-4D18-AA42-96492DEFF4AB}.Debug|x64.ActiveCfg = Debug|x64
		{A472F16D-E27A-4D18-AA42-96492DEFF4AB}.Debug|x64.Build.0 = Debug|x64
		{A472F16D-E27A-4D18-AA42-96492DEFF4AB}.Debug|x86.ActiveCfg = Debug|Win32
		{A472F16D-E27A-4D18-AA42-96492DEFF4AB}.Debug|x86.Build.0 = Debug|Win32
		{A472F16D-E27A-4D18-AA42-96492DEFF4AB}.Release|x64.ActiveCfg = Release|x64
		{A472F16D-E27A-4D18-AA42-96492DEFF4AB}.Release|x64.Build.0 = Release|x64
		{A472F16D-E27A-4D18-AA42-96492DEFF4AB}.Release|x86.ActiveCfg = Release|Win32
		{A472F16D-E27A-4D18-AA42-96492DEFF4AB}.Release|x86.Build.0 = Release|Win32
		{ED432B71-3864-4FF7-9BF2-58E0E7D5CA5F}.Debug|x64.ActiveCfg = Debug|x64
		{ED432B71-3864-4FF7-9BF2-58E0E7D5CA5F}.Debug|x64.Build.0 = Debug|x64
		{ED432B71-3864-4FF7-9BF2-58E0E7D5CA5F}.Debug|x86.ActiveCfg = Debug|Win32
		{ED432B71-3864-4FF7-9BF2-58E0E7D5CA5F}.Debug|x86.Build.0 = Debug|Win32
		{ED432B71-3864-4FF7-9BF2-58E0E7D5CA5F}.Release|x64.ActiveCfg = Release|x64
		{ED432B71-3864-4FF7-9BF2-58E0E7D5CA5F}.Release|x64.Build.0 = Release|x64
		{ED432B71-3864-4FF7-9BF2-58E0E7D5CA5F}.Release|x86.ActiveCfg = Release|Win32
		{ED432B71-3864-4FF7-9BF2-58E0E7D5CA5F}.Release|x86.Build.0 = Release|Win32
		{6E73B2CF-17A4-4D03-A30B-60A2A1299162}.Debug|x64.ActiveCfg = Debug|x64
		{6E73B2CF-17A4-4D03-A30B-60A2A1299162}.Debug|x64.Build.0 = Debug|x64
		{6E73B2CF-17A4-4D03-A30B-60A2A1299162}.Debug|x86.ActiveCfg = Debug|Win32
		{6E73B2CF-17A4-4D03-A30B-60A2A1299162}.Debug|x86.Build.0 = Debug|Win32
		{6E73B2CF-17A4-4D03-A30B-60A2A1299162}.Release|x64.ActiveCfg = Release|x64
		{6E73B2CF-17A4-4D03-A30B-60A2A1299162}.Release|x64.Build.0 = Release|x64
		{6E73B2CF-17A4-4D03-A30B-60A2A1299162}.Release|x86.ActiveCfg = Release|Win32
		{6E73B2CF-17A4-4D03-A30B-60A2A1299162}.Release|x86.Build.0 = Release|Win32
		{F9B4AD97-A9E3-4295-924F-7254D2AFD3D7}.Debug|x64.ActiveCfg = Debug|x64
		{F9B4AD97-A9E3-4295-924F-7254D2AFD3D7}.Debug|x64.Build.0 = Debug|x64
		{F9B4AD97-A9E3-4295-924F-7254D2AFD3D7}.Debug|x86.ActiveCfg = Debug|Win32
		{F9B4AD97-A9E3-4295-924F-7254D2AFD3D7}.Debug|x86.Build.0 = Debug|Win32
		{F9B4AD97-A9E3-4295-924F-7254D2AFD3D7}.Release|x64.ActiveCfg = Release|x64
		{F9B4AD97-A9E3-4295-924F-7254D2AFD3D7}.Release|x64.Build.0 = Release|x64
		{F9B4AD97-A9E3-4295-924F-7254D2AFD3D7}.Release|x86.ActiveCfg = Release|Win32
		{F9B4AD97-A9E3-4295-924F-7254D2AFD3D7}.Release|x86.Build.0 = Release|Win32
		{D702C29E-528E-471E-95C1-5C2CD3FDBB5E}.Debug|x64.ActiveCfg = Debug|x64
		{D702C29E-528E-471E-95C1-5C2CD3FDBB5E}.Debug|x64.Build.0 = Debug|x64
		{D702C29E-528E-471E-95C1-5C2CD3FDBB5E}.Debug|x86.ActiveCfg = Debug|Win32
		{D702C29E-528E-471E-95C1-5C2CD3FDBB5E}.Debug|x86.Build.0 = Debug|Win32
		{D702C29E-528E-471E-95C1-5C2CD3FDBB5E}.Release|x64.ActiveCfg = Release|x64
		{D702C29E-528E-471E-95C1-5C2CD3FDBB5E}.Release|x64.Build.0 = Release|x64
		{D702C29E-528E-471E-95C1-5C2CD3FDBB5E}.Release|x86.ActiveCfg = Release|Win32
		{D702C29E-528E-471E-95C1-5C2CD3FDBB5E}.Release|x86.Build.0 = Release|Win32
		{D6580D34-A5E7-4C16-83B3-F7CCAE2822D8}.Debug|x64.ActiveCfg = Debug|x64
		{D6580D34-A5E7-4C16-83B3-F7CCAE2822D8}.Debug|x64.Build.0 = Debug|x64
		{D6580D34-A5E7-4C16-83B3-F7CCAE2822D8}.Debug|x86.ActiveCfg = Debug|Win32
		{D6580D34-A5E7-4C16-83B3-F7CCAE2822D8}.Debug|x86.Build.0 = Debug|Win32
		{D6580D34-A5E7-4C16-83B3-F7CCAE2822D8}.Release|x64.ActiveCfg = Release|x64
		{D6580D34-A5E7-4C16-83B3-F7CCAE2822D8}.Release|x64.Build.0 = Release|x64
		{D6580D34-A5E7-4C16-83B3-F7CCAE2822D8}.Release|x86.ActiveCfg = Release|Win32
		{D6580D34-A5E7-4C16-83B3-F7CCAE2822D8}.Release|x86.Build.0 = Release|Win32
		{61A7A1F2-DA77-481B-B3AD-01A80DD149E1}.Debug|x64.ActiveCfg = Debug|x64
		{61A7A1F2-DA77-481B-B3AD-01A80DD149E1}.Debug|x64.Build.0 = Debug|x64
		{61A7A1F2-DA77-481B-B3AD-01A80DD149E1}.Debug|x86.ActiveCfg = Debug|Win32
		{61A7A1F2-DA77-481B-B3AD-01A80DD149E1}.Debug|x86.Build.0 = Debug|Win32
		{61A7A1F2-DA77-481B-B3AD-01A80DD149E1}.Release|x64.ActiveCfg = Release|x64
		{61A7A1F2-DA77-481B-B3AD-01A80DD149E1}.Release|x64.Build.0 = Release|x64
		{61A7A1F2-DA77-481B-B3AD-01A80DD149E1}.Release|x86.ActiveCfg = Release|Win32
		{61A7A1F2-DA77-481B-B3AD-01A80DD149E1}.Release|x86.Build.0 = Release|Win32
		{907FE36E-CD6A-4E42-8032-8274F492F45A}.Debug|x64.ActiveCfg = Debug|x64
		{907FE36E-CD6A-4E42-8032-8274F492F45A}.Debug|x64.Build.0 = Debug|x64
		{907FE36E-CD6A-4E42-8032-8274F492F45A}.Debug|x86.ActiveCfg = Debug|Win32
		{907FE36E-CD6A-4E42-8032-8274F492F45A}.Debug|x86.Build.0 = Debug|Win32
		{907FE36E-CD6A-4E42-8032-8274F492F45A}.Release|x64.ActiveCfg = Release|x64
		{907FE36E-CD6A-4E42-8032-8274F492F45A}.Release|x64.Build.0 = Release|x64
		{907FE36E-CD6A-4E42-8032-8274F492F45A}.Release|x86.ActiveCfg = Release|Win32
		{907FE36E-CD6A-4E42-8032-8274F492F45A}.Release|x86.Build.0 = Release|Win32
		{F9149D7E-8ADE-4292-ACE1-DFEB6BC0AD3F}.Debug|x64.ActiveCfg = Debug|x64
		{F9149D7E-8ADE-4292-ACE1-DFEB6BC0AD3F}.Debug|x64.Build.0 = Debug|x64
		{F9149D7E-8ADE-4292-ACE1-DFEB6BC0AD3F}.Debug|x86.ActiveCfg = Debug|Win32
		{F9149D7E-8ADE-4292-ACE1-DFEB6BC0AD3F}.Debug|x86.Build.0 = Debug|Win32
		{F9149D7E-8ADE-4292-ACE1-DFEB6BC0AD3F}.Release|x64.ActiveCfg = Release|x64
		{F9149D7E-8ADE-4292-ACE1-DFEB6BC0AD3F}.Release|x64.Build.0 = Release|x64
		{F9149D7E-8ADE-4292-ACE1-DFEB6BC0AD3F}.Release|x86.ActiveCfg = Release|Win32
		{F9149D7E-8ADE-4292-ACE1-DFEB6BC0AD3F}.Release|x86.Build.0 = Release|Win32
	EndGlobalSection
	GlobalSection(SolutionProperties) = preSolution
		HideSolutionNode = FALSE
	EndGlobalSection
	GlobalSection(ExtensibilityGlobals) = postSolution
		SolutionGuid = {4A2816E4-0008-4893-9121-AF2846005617}
	EndGlobalSection
EndGlobal
