
Microsoft Visual Studio Solution File, Format Version 12.00
# Visual Studio Version 16
VisualStudioVersion = 16.0.32106.194
MinimumVisualStudioVersion = 10.0.40219.1
Project("{8BC9CEB8-8B4A-11D0-8D11-00A0C91BC942}") = "20220319주말특강", "20220319주말특강.vcxproj", "{62F43570-E7BF-4F91-AD52-99208DD02ED2}"
EndProject
Project("{8BC9CEB8-8B4A-11D0-8D11-00A0C91BC942}") = "20220319_1434", "..\20220319_1434\20220319_1434.vcxproj", "{AA0DA49A-F8D7-4DD5-B579-40A414895D17}"
EndProject
Project("{8BC9CEB8-8B4A-11D0-8D11-00A0C91BC942}") = "20220319_1515", "..\20220319_1515\20220319_1515.vcxproj", "{414664C2-4A50-4039-AC84-1BE378824BE9}"
EndProject
Project("{8BC9CEB8-8B4A-11D0-8D11-00A0C91BC942}") = "20220319_1600", "..\20220319_1600\20220319_1600.vcxproj", "{C2617D5D-311F-45DA-A749-B494659C640F}"
EndProject
Project("{8BC9CEB8-8B4A-11D0-8D11-00A0C91BC942}") = "20220319_1644", "..\20220319_1644\20220319_1644.vcxproj", "{FFE2DC1F-31AD-4B54-B956-E4FBCC610712}"
EndProject
Project("{8BC9CEB8-8B4A-11D0-8D11-00A0C91BC942}") = "20220319_1712", "..\20220319_1712\20220319_1712.vcxproj", "{39526D4F-E1C4-46E2-AA50-29A1C0E9AF25}"
EndProject
Project("{8BC9CEB8-8B4A-11D0-8D11-00A0C91BC942}") = "20220319_1742", "..\20220319_1742\20220319_1742.vcxproj", "{15D702BF-6E1D-4453-BE2F-B347FA766785}"
EndProject
Global
	GlobalSection(SolutionConfigurationPlatforms) = preSolution
		Debug|x64 = Debug|x64
		Debug|x86 = Debug|x86
		Release|x64 = Release|x64
		Release|x86 = Release|x86
	EndGlobalSection
	GlobalSection(ProjectConfigurationPlatforms) = postSolution
		{62F43570-E7BF-4F91-AD52-99208DD02ED2}.Debug|x64.ActiveCfg = Debug|x64
		{62F43570-E7BF-4F91-AD52-99208DD02ED2}.Debug|x64.Build.0 = Debug|x64
		{62F43570-E7BF-4F91-AD52-99208DD02ED2}.Debug|x86.ActiveCfg = Debug|Win32
		{62F43570-E7BF-4F91-AD52-99208DD02ED2}.Debug|x86.Build.0 = Debug|Win32
		{62F43570-E7BF-4F91-AD52-99208DD02ED2}.Release|x64.ActiveCfg = Release|x64
		{62F43570-E7BF-4F91-AD52-99208DD02ED2}.Release|x64.Build.0 = Release|x64
		{62F43570-E7BF-4F91-AD52-99208DD02ED2}.Release|x86.ActiveCfg = Release|Win32
		{62F43570-E7BF-4F91-AD52-99208DD02ED2}.Release|x86.Build.0 = Release|Win32
		{AA0DA49A-F8D7-4DD5-B579-40A414895D17}.Debug|x64.ActiveCfg = Debug|x64
		{AA0DA49A-F8D7-4DD5-B579-40A414895D17}.Debug|x64.Build.0 = Debug|x64
		{AA0DA49A-F8D7-4DD5-B579-40A414895D17}.Debug|x86.ActiveCfg = Debug|Win32
		{AA0DA49A-F8D7-4DD5-B579-40A414895D17}.Debug|x86.Build.0 = Debug|Win32
		{AA0DA49A-F8D7-4DD5-B579-40A414895D17}.Release|x64.ActiveCfg = Release|x64
		{AA0DA49A-F8D7-4DD5-B579-40A414895D17}.Release|x64.Build.0 = Release|x64
		{AA0DA49A-F8D7-4DD5-B579-40A414895D17}.Release|x86.ActiveCfg = Release|Win32
		{AA0DA49A-F8D7-4DD5-B579-40A414895D17}.Release|x86.Build.0 = Release|Win32
		{414664C2-4A50-4039-AC84-1BE378824BE9}.Debug|x64.ActiveCfg = Debug|x64
		{414664C2-4A50-4039-AC84-1BE378824BE9}.Debug|x64.Build.0 = Debug|x64
		{414664C2-4A50-4039-AC84-1BE378824BE9}.Debug|x86.ActiveCfg = Debug|Win32
		{414664C2-4A50-4039-AC84-1BE378824BE9}.Debug|x86.Build.0 = Debug|Win32
		{414664C2-4A50-4039-AC84-1BE378824BE9}.Release|x64.ActiveCfg = Release|x64
		{414664C2-4A50-4039-AC84-1BE378824BE9}.Release|x64.Build.0 = Release|x64
		{414664C2-4A50-4039-AC84-1BE378824BE9}.Release|x86.ActiveCfg = Release|Win32
		{414664C2-4A50-4039-AC84-1BE378824BE9}.Release|x86.Build.0 = Release|Win32
		{C2617D5D-311F-45DA-A749-B494659C640F}.Debug|x64.ActiveCfg = Debug|x64
		{C2617D5D-311F-45DA-A749-B494659C640F}.Debug|x64.Build.0 = Debug|x64
		{C2617D5D-311F-45DA-A749-B494659C640F}.Debug|x86.ActiveCfg = Debug|Win32
		{C2617D5D-311F-45DA-A749-B494659C640F}.Debug|x86.Build.0 = Debug|Win32
		{C2617D5D-311F-45DA-A749-B494659C640F}.Release|x64.ActiveCfg = Release|x64
		{C2617D5D-311F-45DA-A749-B494659C640F}.Release|x64.Build.0 = Release|x64
		{C2617D5D-311F-45DA-A749-B494659C640F}.Release|x86.ActiveCfg = Release|Win32
		{C2617D5D-311F-45DA-A749-B494659C640F}.Release|x86.Build.0 = Release|Win32
		{FFE2DC1F-31AD-4B54-B956-E4FBCC610712}.Debug|x64.ActiveCfg = Debug|x64
		{FFE2DC1F-31AD-4B54-B956-E4FBCC610712}.Debug|x64.Build.0 = Debug|x64
		{FFE2DC1F-31AD-4B54-B956-E4FBCC610712}.Debug|x86.ActiveCfg = Debug|Win32
		{FFE2DC1F-31AD-4B54-B956-E4FBCC610712}.Debug|x86.Build.0 = Debug|Win32
		{FFE2DC1F-31AD-4B54-B956-E4FBCC610712}.Release|x64.ActiveCfg = Release|x64
		{FFE2DC1F-31AD-4B54-B956-E4FBCC610712}.Release|x64.Build.0 = Release|x64
		{FFE2DC1F-31AD-4B54-B956-E4FBCC610712}.Release|x86.ActiveCfg = Release|Win32
		{FFE2DC1F-31AD-4B54-B956-E4FBCC610712}.Release|x86.Build.0 = Release|Win32
		{39526D4F-E1C4-46E2-AA50-29A1C0E9AF25}.Debug|x64.ActiveCfg = Debug|x64
		{39526D4F-E1C4-46E2-AA50-29A1C0E9AF25}.Debug|x64.Build.0 = Debug|x64
		{39526D4F-E1C4-46E2-AA50-29A1C0E9AF25}.Debug|x86.ActiveCfg = Debug|Win32
		{39526D4F-E1C4-46E2-AA50-29A1C0E9AF25}.Debug|x86.Build.0 = Debug|Win32
		{39526D4F-E1C4-46E2-AA50-29A1C0E9AF25}.Release|x64.ActiveCfg = Release|x64
		{39526D4F-E1C4-46E2-AA50-29A1C0E9AF25}.Release|x64.Build.0 = Release|x64
		{39526D4F-E1C4-46E2-AA50-29A1C0E9AF25}.Release|x86.ActiveCfg = Release|Win32
		{39526D4F-E1C4-46E2-AA50-29A1C0E9AF25}.Release|x86.Build.0 = Release|Win32
		{15D702BF-6E1D-4453-BE2F-B347FA766785}.Debug|x64.ActiveCfg = Debug|x64
		{15D702BF-6E1D-4453-BE2F-B347FA766785}.Debug|x64.Build.0 = Debug|x64
		{15D702BF-6E1D-4453-BE2F-B347FA766785}.Debug|x86.ActiveCfg = Debug|Win32
		{15D702BF-6E1D-4453-BE2F-B347FA766785}.Debug|x86.Build.0 = Debug|Win32
		{15D702BF-6E1D-4453-BE2F-B347FA766785}.Release|x64.ActiveCfg = Release|x64
		{15D702BF-6E1D-4453-BE2F-B347FA766785}.Release|x64.Build.0 = Release|x64
		{15D702BF-6E1D-4453-BE2F-B347FA766785}.Release|x86.ActiveCfg = Release|Win32
		{15D702BF-6E1D-4453-BE2F-B347FA766785}.Release|x86.Build.0 = Release|Win32
	EndGlobalSection
	GlobalSection(SolutionProperties) = preSolution
		HideSolutionNode = FALSE
	EndGlobalSection
	GlobalSection(ExtensibilityGlobals) = postSolution
		SolutionGuid = {60E8252D-9E9D-4503-8681-F0475B5FD838}
	EndGlobalSection
EndGlobal
